// !$*UTF8*$!
{
	archiveVersion = 1;
	classes = {
	};
	objectVersion = 56;
	objects = {

/* Begin PBXBuildFile section */
		C63CC5FE29600650007A8000 /* AppDelegate.swift in Sources */ = {isa = PBXBuildFile; fileRef = C63CC5FD29600650007A8000 /* AppDelegate.swift */; };
		C63CC60029600650007A8000 /* SceneDelegate.swift in Sources */ = {isa = PBXBuildFile; fileRef = C63CC5FF29600650007A8000 /* SceneDelegate.swift */; };
		C63CC60229600650007A8000 /* ViewController.swift in Sources */ = {isa = PBXBuildFile; fileRef = C63CC60129600650007A8000 /* ViewController.swift */; };
		C63CC60529600650007A8000 /* Main.storyboard in Resources */ = {isa = PBXBuildFile; fileRef = C63CC60329600650007A8000 /* Main.storyboard */; };
		C63CC60729600652007A8000 /* Assets.xcassets in Resources */ = {isa = PBXBuildFile; fileRef = C63CC60629600652007A8000 /* Assets.xcassets */; };
		C63CC60A29600652007A8000 /* LaunchScreen.storyboard in Resources */ = {isa = PBXBuildFile; fileRef = C63CC60829600652007A8000 /* LaunchScreen.storyboard */; };
		C63CC61529600653007A8000 /* _1FirstAppTests.swift in Sources */ = {isa = PBXBuildFile; fileRef = C63CC61429600653007A8000 /* _1FirstAppTests.swift */; };
		C63CC61F29600653007A8000 /* _1FirstAppUITests.swift in Sources */ = {isa = PBXBuildFile; fileRef = C63CC61E29600653007A8000 /* _1FirstAppUITests.swift */; };
		C63CC62129600653007A8000 /* _1FirstAppUITestsLaunchTests.swift in Sources */ = {isa = PBXBuildFile; fileRef = C63CC62029600653007A8000 /* _1FirstAppUITestsLaunchTests.swift */; };
		C63CC62F29601F06007A8000 /* image2.png in Resources */ = {isa = PBXBuildFile; fileRef = C63CC62D29601F06007A8000 /* image2.png */; };
		C63CC63029601F06007A8000 /* image1.png in Resources */ = {isa = PBXBuildFile; fileRef = C63CC62E29601F06007A8000 /* image1.png */; };
		C63CC632296022ED007A8000 /* SecondViewController.swift in Sources */ = {isa = PBXBuildFile; fileRef = C63CC631296022ED007A8000 /* SecondViewController.swift */; };
/* End PBXBuildFile section */

/* Begin PBXContainerItemProxy section */
		C63CC61129600653007A8000 /* PBXContainerItemProxy */ = {
			isa = PBXContainerItemProxy;
			containerPortal = C63CC5F229600650007A8000 /* Project object */;
			proxyType = 1;
			remoteGlobalIDString = C63CC5F929600650007A8000;
			remoteInfo = 01FirstApp;
		};
		C63CC61B29600653007A8000 /* PBXContainerItemProxy */ = {
			isa = PBXContainerItemProxy;
			containerPortal = C63CC5F229600650007A8000 /* Project object */;
			proxyType = 1;
			remoteGlobalIDString = C63CC5F929600650007A8000;
			remoteInfo = 01FirstApp;
		};
/* End PBXContainerItemProxy section */

/* Begin PBXFileReference section */
		C63CC5FA29600650007A8000 /* 01FirstApp.app */ = {isa = PBXFileReference; explicitFileType = wrapper.application; includeInIndex = 0; path = 01FirstApp.app; sourceTree = BUILT_PRODUCTS_DIR; };
		C63CC5FD29600650007A8000 /* AppDelegate.swift */ = {isa = PBXFileReference; lastKnownFileType = sourcecode.swift; path = AppDelegate.swift; sourceTree = "<group>"; };
		C63CC5FF29600650007A8000 /* SceneDelegate.swift */ = {isa = PBXFileReference; lastKnownFileType = sourcecode.swift; path = SceneDelegate.swift; sourceTree = "<group>"; };
		C63CC60129600650007A8000 /* ViewController.swift */ = {isa = PBXFileReference; lastKnownFileType = sourcecode.swift; path = ViewController.swift; sourceTree = "<group>"; };
		C63CC60429600650007A8000 /* Base */ = {isa = PBXFileReference; lastKnownFileType = file.storyboard; name = Base; path = Base.lproj/Main.storyboard; sourceTree = "<group>"; };
		C63CC60629600652007A8000 /* Assets.xcassets */ = {isa = PBXFileReference; lastKnownFileType = folder.assetcatalog; path = Assets.xcassets; sourceTree = "<group>"; };
		C63CC60929600652007A8000 /* Base */ = {isa = PBXFileReference; lastKnownFileType = file.storyboard; name = Base; path = Base.lproj/LaunchScreen.storyboard; sourceTree = "<group>"; };
		C63CC60B29600652007A8000 /* Info.plist */ = {isa = PBXFileReference; lastKnownFileType = text.plist.xml; path = Info.plist; sourceTree = "<group>"; };
		C63CC61029600653007A8000 /* 01FirstAppTests.xctest */ = {isa = PBXFileReference; explicitFileType = wrapper.cfbundle; includeInIndex = 0; path = 01FirstAppTests.xctest; sourceTree = BUILT_PRODUCTS_DIR; };
		C63CC61429600653007A8000 /* _1FirstAppTests.swift */ = {isa = PBXFileReference; lastKnownFileType = sourcecode.swift; path = _1FirstAppTests.swift; sourceTree = "<group>"; };
		C63CC61A29600653007A8000 /* 01FirstAppUITests.xctest */ = {isa = PBXFileReference; explicitFileType = wrapper.cfbundle; includeInIndex = 0; path = 01FirstAppUITests.xctest; sourceTree = BUILT_PRODUCTS_DIR; };
		C63CC61E29600653007A8000 /* _1FirstAppUITests.swift */ = {isa = PBXFileReference; lastKnownFileType = sourcecode.swift; path = _1FirstAppUITests.swift; sourceTree = "<group>"; };
		C63CC62029600653007A8000 /* _1FirstAppUITestsLaunchTests.swift */ = {isa = PBXFileReference; lastKnownFileType = sourcecode.swift; path = _1FirstAppUITestsLaunchTests.swift; sourceTree = "<group>"; };
		C63CC62D29601F06007A8000 /* image2.png */ = {isa = PBXFileReference; lastKnownFileType = image.png; path = image2.png; sourceTree = "<group>"; };
		C63CC62E29601F06007A8000 /* image1.png */ = {isa = PBXFileReference; lastKnownFileType = image.png; path = image1.png; sourceTree = "<group>"; };
		C63CC631296022ED007A8000 /* SecondViewController.swift */ = {isa = PBXFileReference; lastKnownFileType = sourcecode.swift; path = SecondViewController.swift; sourceTree = "<group>"; };
/* End PBXFileReference section */

/* Begin PBXFrameworksBuildPhase section */
		C63CC5F729600650007A8000 /* Frameworks */ = {
			isa = PBXFrameworksBuildPhase;
			buildActionMask = 2147483647;
			files = (
			);
			runOnlyForDeploymentPostprocessing = 0;
		};
		C63CC60D29600653007A8000 /* Frameworks */ = {
			isa = PBXFrameworksBuildPhase;
			buildActionMask = 2147483647;
			files = (
			);
			runOnlyForDeploymentPostprocessing = 0;
		};
		C63CC61729600653007A8000 /* Frameworks */ = {
			isa = PBXFrameworksBuildPhase;
			buildActionMask = 2147483647;
			files = (
			);
			runOnlyForDeploymentPostprocessing = 0;
		};
/* End PBXFrameworksBuildPhase section */

/* Begin PBXGroup section */
		C63CC5F129600650007A8000 = {
			isa = PBXGroup;
			children = (
				C63CC5FC29600650007A8000 /* 01FirstApp */,
				C63CC61329600653007A8000 /* 01FirstAppTests */,
				C63CC61D29600653007A8000 /* 01FirstAppUITests */,
				C63CC5FB29600650007A8000 /* Products */,
			);
			sourceTree = "<group>";
		};
		C63CC5FB29600650007A8000 /* Products */ = {
			isa = PBXGroup;
			children = (
				C63CC5FA29600650007A8000 /* 01FirstApp.app */,
				C63CC61029600653007A8000 /* 01FirstAppTests.xctest */,
				C63CC61A29600653007A8000 /* 01FirstAppUITests.xctest */,
			);
			name = Products;
			sourceTree = "<group>";
		};
		C63CC5FC29600650007A8000 /* 01FirstApp */ = {
			isa = PBXGroup;
			children = (
				C63CC62E29601F06007A8000 /* image1.png */,
				C63CC62D29601F06007A8000 /* image2.png */,
				C63CC5FD29600650007A8000 /* AppDelegate.swift */,
				C63CC5FF29600650007A8000 /* SceneDelegate.swift */,
				C63CC60129600650007A8000 /* ViewController.swift */,
				C63CC60329600650007A8000 /* Main.storyboard */,
				C63CC631296022ED007A8000 /* SecondViewController.swift */,
				C63CC60629600652007A8000 /* Assets.xcassets */,
				C63CC60829600652007A8000 /* LaunchScreen.storyboard */,
				C63CC60B29600652007A8000 /* Info.plist */,
			);
			path = 01FirstApp;
			sourceTree = "<group>";
		};
		C63CC61329600653007A8000 /* 01FirstAppTests */ = {
			isa = PBXGroup;
			children = (
				C63CC61429600653007A8000 /* _1FirstAppTests.swift */,
			);
			path = 01FirstAppTests;
			sourceTree = "<group>";
		};
		C63CC61D29600653007A8000 /* 01FirstAppUITests */ = {
			isa = PBXGroup;
			children = (
				C63CC61E29600653007A8000 /* _1FirstAppUITests.swift */,
				C63CC62029600653007A8000 /* _1FirstAppUITestsLaunchTests.swift */,
			);
			path = 01FirstAppUITests;
			sourceTree = "<group>";
		};
/* End PBXGroup section */

/* Begin PBXNativeTarget section */
		C63CC5F929600650007A8000 /* 01FirstApp */ = {
			isa = PBXNativeTarget;
			buildConfigurationList = C63CC62429600653007A8000 /* Build configuration list for PBXNativeTarget "01FirstApp" */;
			buildPhases = (
				C63CC5F629600650007A8000 /* Sources */,
				C63CC5F729600650007A8000 /* Frameworks */,
				C63CC5F829600650007A8000 /* Resources */,
			);
			buildRules = (
			);
			dependencies = (
			);
			name = 01FirstApp;
			productName = 01FirstApp;
			productReference = C63CC5FA29600650007A8000 /* 01FirstApp.app */;
			productType = "com.apple.product-type.application";
		};
		C63CC60F29600653007A8000 /* 01FirstAppTests */ = {
			isa = PBXNativeTarget;
			buildConfigurationList = C63CC62729600653007A8000 /* Build configuration list for PBXNativeTarget "01FirstAppTests" */;
			buildPhases = (
				C63CC60C29600653007A8000 /* Sources */,
				C63CC60D29600653007A8000 /* Frameworks */,
				C63CC60E29600653007A8000 /* Resources */,
			);
			buildRules = (
			);
			dependencies = (
				C63CC61229600653007A8000 /* PBXTargetDependency */,
			);
			name = 01FirstAppTests;
			productName = 01FirstAppTests;
			productReference = C63CC61029600653007A8000 /* 01FirstAppTests.xctest */;
			productType = "com.apple.product-type.bundle.unit-test";
		};
		C63CC61929600653007A8000 /* 01FirstAppUITests */ = {
			isa = PBXNativeTarget;
			buildConfigurationList = C63CC62A29600653007A8000 /* Build configuration list for PBXNativeTarget "01FirstAppUITests" */;
			buildPhases = (
				C63CC61629600653007A8000 /* Sources */,
				C63CC61729600653007A8000 /* Frameworks */,
				C63CC61829600653007A8000 /* Resources */,
			);
			buildRules = (
			);
			dependencies = (
				C63CC61C29600653007A8000 /* PBXTargetDependency */,
			);
			name = 01FirstAppUITests;
			productName = 01FirstAppUITests;
			productReference = C63CC61A29600653007A8000 /* 01FirstAppUITests.xctest */;
			productType = "com.apple.product-type.bundle.ui-testing";
		};
/* End PBXNativeTarget section */

/* Begin PBXProject section */
		C63CC5F229600650007A8000 /* Project object */ = {
			isa = PBXProject;
			attributes = {
				BuildIndependentTargetsInParallel = 1;
				LastSwiftUpdateCheck = 1420;
				LastUpgradeCheck = 1420;
				TargetAttributes = {
					C63CC5F929600650007A8000 = {
						CreatedOnToolsVersion = 14.2;
					};
					C63CC60F29600653007A8000 = {
						CreatedOnToolsVersion = 14.2;
						TestTargetID = C63CC5F929600650007A8000;
					};
					C63CC61929600653007A8000 = {
						CreatedOnToolsVersion = 14.2;
						TestTargetID = C63CC5F929600650007A8000;
					};
				};
			};
			buildConfigurationList = C63CC5F529600650007A8000 /* Build configuration list for PBXProject "01FirstApp" */;
			compatibilityVersion = "Xcode 14.0";
			developmentRegion = en;
			hasScannedForEncodings = 0;
			knownRegions = (
				en,
				Base,
			);
			mainGroup = C63CC5F129600650007A8000;
			productRefGroup = C63CC5FB29600650007A8000 /* Products */;
			projectDirPath = "";
			projectRoot = "";
			targets = (
				C63CC5F929600650007A8000 /* 01FirstApp */,
				C63CC60F29600653007A8000 /* 01FirstAppTests */,
				C63CC61929600653007A8000 /* 01FirstAppUITests */,
			);
		};
/* End PBXProject section */

/* Begin PBXResourcesBuildPhase section */
		C63CC5F829600650007A8000 /* Resources */ = {
			isa = PBXResourcesBuildPhase;
			buildActionMask = 2147483647;
			files = (
				C63CC60A29600652007A8000 /* LaunchScreen.storyboard in Resources */,
				C63CC63029601F06007A8000 /* image1.png in Resources */,
				C63CC60729600652007A8000 /* Assets.xcassets in Resources */,
				C63CC62F29601F06007A8000 /* image2.png in Resources */,
				C63CC60529600650007A8000 /* Main.storyboard in Resources */,
			);
			runOnlyForDeploymentPostprocessing = 0;
		};
		C63CC60E29600653007A8000 /* Resources */ = {
			isa = PBXResourcesBuildPhase;
			buildActionMask = 2147483647;
			files = (
			);
			runOnlyForDeploymentPostprocessing = 0;
		};
		C63CC61829600653007A8000 /* Resources */ = {
			isa = PBXResourcesBuildPhase;
			buildActionMask = 2147483647;
			files = (
			);
			runOnlyForDeploymentPostprocessing = 0;
		};
/* End PBXResourcesBuildPhase section */

/* Begin PBXSourcesBuildPhase section */
		C63CC5F629600650007A8000 /* Sources */ = {
			isa = PBXSourcesBuildPhase;
			buildActionMask = 2147483647;
			files = (
				C63CC632296022ED007A8000 /* SecondViewController.swift in Sources */,
				C63CC60229600650007A8000 /* ViewController.swift in Sources */,
				C63CC5FE29600650007A8000 /* AppDelegate.swift in Sources */,
				C63CC60029600650007A8000 /* SceneDelegate.swift in Sources */,
			);
			runOnlyForDeploymentPostprocessing = 0;
		};
		C63CC60C29600653007A8000 /* Sources */ = {
			isa = PBXSourcesBuildPhase;
			buildActionMask = 2147483647;
			files = (
				C63CC61529600653007A8000 /* _1FirstAppTests.swift in Sources */,
			);
			runOnlyForDeploymentPostprocessing = 0;
		};
		C63CC61629600653007A8000 /* Sources */ = {
			isa = PBXSourcesBuildPhase;
			buildActionMask = 2147483647;
			files = (
				C63CC61F29600653007A8000 /* _1FirstAppUITests.swift in Sources */,
				C63CC62129600653007A8000 /* _1FirstAppUITestsLaunchTests.swift in Sources */,
			);
			runOnlyForDeploymentPostprocessing = 0;
		};
/* End PBXSourcesBuildPhase section */

/* Begin PBXTargetDependency section */
		C63CC61229600653007A8000 /* PBXTargetDependency */ = {
			isa = PBXTargetDependency;
			target = C63CC5F929600650007A8000 /* 01FirstApp */;
			targetProxy = C63CC61129600653007A8000 /* PBXContainerItemProxy */;
		};
		C63CC61C29600653007A8000 /* PBXTargetDependency */ = {
			isa = PBXTargetDependency;
			target = C63CC5F929600650007A8000 /* 01FirstApp */;
			targetProxy = C63CC61B29600653007A8000 /* PBXContainerItemProxy */;
		};
/* End PBXTargetDependency section */

/* Begin PBXVariantGroup section */
		C63CC60329600650007A8000 /* Main.storyboard */ = {
			isa = PBXVariantGroup;
			children = (
				C63CC60429600650007A8000 /* Base */,
			);
			name = Main.storyboard;
			sourceTree = "<group>";
		};
		C63CC60829600652007A8000 /* LaunchScreen.storyboard */ = {
			isa = PBXVariantGroup;
			children = (
				C63CC60929600652007A8000 /* Base */,
			);
			name = LaunchScreen.storyboard;
			sourceTree = "<group>";
		};
/* End PBXVariantGroup section */

/* Begin XCBuildConfiguration section */
		C63CC62229600653007A8000 /* Debug */ = {
			isa = XCBuildConfiguration;
			buildSettings = {
				ALWAYS_SEARCH_USER_PATHS = NO;
				CLANG_ANALYZER_NONNULL = YES;
				CLANG_ANALYZER_NUMBER_OBJECT_CONVERSION = YES_AGGRESSIVE;
				CLANG_CXX_LANGUAGE_STANDARD = "gnu++20";
				CLANG_ENABLE_MODULES = YES;
				CLANG_ENABLE_OBJC_ARC = YES;
				CLANG_ENABLE_OBJC_WEAK = YES;
				CLANG_WARN_BLOCK_CAPTURE_AUTORELEASING = YES;
				CLANG_WARN_BOOL_CONVERSION = YES;
				CLANG_WARN_COMMA = YES;
				CLANG_WARN_CONSTANT_CONVERSION = YES;
				CLANG_WARN_DEPRECATED_OBJC_IMPLEMENTATIONS = YES;
				CLANG_WARN_DIRECT_OBJC_ISA_USAGE = YES_ERROR;
				CLANG_WARN_DOCUMENTATION_COMMENTS = YES;
				CLANG_WARN_EMPTY_BODY = YES;
				CLANG_WARN_ENUM_CONVERSION = YES;
				CLANG_WARN_INFINITE_RECURSION = YES;
				CLANG_WARN_INT_CONVERSION = YES;
				CLANG_WARN_NON_LITERAL_NULL_CONVERSION = YES;
				CLANG_WARN_OBJC_IMPLICIT_RETAIN_SELF = YES;
				CLANG_WARN_OBJC_LITERAL_CONVERSION = YES;
				CLANG_WARN_OBJC_ROOT_CLASS = YES_ERROR;
				CLANG_WARN_QUOTED_INCLUDE_IN_FRAMEWORK_HEADER = YES;
				CLANG_WARN_RANGE_LOOP_ANALYSIS = YES;
				CLANG_WARN_STRICT_PROTOTYPES = YES;
				CLANG_WARN_SUSPICIOUS_MOVE = YES;
				CLANG_WARN_UNGUARDED_AVAILABILITY = YES_AGGRESSIVE;
				CLANG_WARN_UNREACHABLE_CODE = YES;
				CLANG_WARN__DUPLICATE_METHOD_MATCH = YES;
				COPY_PHASE_STRIP = NO;
				DEBUG_INFORMATION_FORMAT = dwarf;
				ENABLE_STRICT_OBJC_MSGSEND = YES;
				ENABLE_TESTABILITY = YES;
				GCC_C_LANGUAGE_STANDARD = gnu11;
				GCC_DYNAMIC_NO_PIC = NO;
				GCC_NO_COMMON_BLOCKS = YES;
				GCC_OPTIMIZATION_LEVEL = 0;
				GCC_PREPROCESSOR_DEFINITIONS = (
					"DEBUG=1",
					"$(inherited)",
				);
				GCC_WARN_64_TO_32_BIT_CONVERSION = YES;
				GCC_WARN_ABOUT_RETURN_TYPE = YES_ERROR;
				GCC_WARN_UNDECLARED_SELECTOR = YES;
				GCC_WARN_UNINITIALIZED_AUTOS = YES_AGGRESSIVE;
				GCC_WARN_UNUSED_FUNCTION = YES;
				GCC_WARN_UNUSED_VARIABLE = YES;
				IPHONEOS_DEPLOYMENT_TARGET = 16.2;
				MTL_ENABLE_DEBUG_INFO = INCLUDE_SOURCE;
				MTL_FAST_MATH = YES;
				ONLY_ACTIVE_ARCH = YES;
				SDKROOT = iphoneos;
				SWIFT_ACTIVE_COMPILATION_CONDITIONS = DEBUG;
				SWIFT_OPTIMIZATION_LEVEL = "-Onone";
			};
			name = Debug;
		};
		C63CC62329600653007A8000 /* Release */ = {
			isa = XCBuildConfiguration;
			buildSettings = {
				ALWAYS_SEARCH_USER_PATHS = NO;
				CLANG_ANALYZER_NONNULL = YES;
				CLANG_ANALYZER_NUMBER_OBJECT_CONVERSION = YES_AGGRESSIVE;
				CLANG_CXX_LANGUAGE_STANDARD = "gnu++20";
				CLANG_ENABLE_MODULES = YES;
				CLANG_ENABLE_OBJC_ARC = YES;
				CLANG_ENABLE_OBJC_WEAK = YES;
				CLANG_WARN_BLOCK_CAPTURE_AUTORELEASING = YES;
				CLANG_WARN_BOOL_CONVERSION = YES;
				CLANG_WARN_COMMA = YES;
				CLANG_WARN_CONSTANT_CONVERSION = YES;
				CLANG_WARN_DEPRECATED_OBJC_IMPLEMENTATIONS = YES;
				CLANG_WARN_DIRECT_OBJC_ISA_USAGE = YES_ERROR;
				CLANG_WARN_DOCUMENTATION_COMMENTS = YES;
				CLANG_WARN_EMPTY_BODY = YES;
				CLANG_WARN_ENUM_CONVERSION = YES;
				CLANG_WARN_INFINITE_RECURSION = YES;
				CLANG_WARN_INT_CONVERSION = YES;
				CLANG_WARN_NON_LITERAL_NULL_CONVERSION = YES;
				CLANG_WARN_OBJC_IMPLICIT_RETAIN_SELF = YES;
				CLANG_WARN_OBJC_LITERAL_CONVERSION = YES;
				CLANG_WARN_OBJC_ROOT_CLASS = YES_ERROR;
				CLANG_WARN_QUOTED_INCLUDE_IN_FRAMEWORK_HEADER = YES;
				CLANG_WARN_RANGE_LOOP_ANALYSIS = YES;
				CLANG_WARN_STRICT_PROTOTYPES = YES;
				CLANG_WARN_SUSPICIOUS_MOVE = YES;
				CLANG_WARN_UNGUARDED_AVAILABILITY = YES_AGGRESSIVE;
				CLANG_WARN_UNREACHABLE_CODE = YES;
				CLANG_WARN__DUPLICATE_METHOD_MATCH = YES;
				COPY_PHASE_STRIP = NO;
				DEBUG_INFORMATION_FORMAT = "dwarf-with-dsym";
				ENABLE_NS_ASSERTIONS = NO;
				ENABLE_STRICT_OBJC_MSGSEND = YES;
				GCC_C_LANGUAGE_STANDARD = gnu11;
				GCC_NO_COMMON_BLOCKS = YES;
				GCC_WARN_64_TO_32_BIT_CONVERSION = YES;
				GCC_WARN_ABOUT_RETURN_TYPE = YES_ERROR;
				GCC_WARN_UNDECLARED_SELECTOR = YES;
				GCC_WARN_UNINITIALIZED_AUTOS = YES_AGGRESSIVE;
				GCC_WARN_UNUSED_FUNCTION = YES;
				GCC_WARN_UNUSED_VARIABLE = YES;
				IPHONEOS_DEPLOYMENT_TARGET = 16.2;
				MTL_ENABLE_DEBUG_INFO = NO;
				MTL_FAST_MATH = YES;
				SDKROOT = iphoneos;
				SWIFT_COMPILATION_MODE = wholemodule;
				SWIFT_OPTIMIZATION_LEVEL = "-O";
				VALIDATE_PRODUCT = YES;
			};
			name = Release;
		};
		C63CC62529600653007A8000 /* Debug */ = {
			isa = XCBuildConfiguration;
			buildSettings = {
				ASSETCATALOG_COMPILER_APPICON_NAME = AppIcon;
				ASSETCATALOG_COMPILER_GLOBAL_ACCENT_COLOR_NAME = AccentColor;
				CODE_SIGN_STYLE = Automatic;
				CURRENT_PROJECT_VERSION = 1;
				GENERATE_INFOPLIST_FILE = YES;
				INFOPLIST_FILE = 01FirstApp/Info.plist;
				INFOPLIST_KEY_CFBundleDisplayName = studyFirstApp;
				INFOPLIST_KEY_UIApplicationSupportsIndirectInputEvents = YES;
				INFOPLIST_KEY_UILaunchStoryboardName = LaunchScreen;
				INFOPLIST_KEY_UIMainStoryboardFile = Main;
				INFOPLIST_KEY_UISupportedInterfaceOrientations_iPad = "UIInterfaceOrientationPortrait UIInterfaceOrientationPortraitUpsideDown UIInterfaceOrientationLandscapeLeft UIInterfaceOrientationLandscapeRight";
				INFOPLIST_KEY_UISupportedInterfaceOrientations_iPhone = "UIInterfaceOrientationPortrait UIInterfaceOrientationLandscapeLeft UIInterfaceOrientationLandscapeRight";
				IPHONEOS_DEPLOYMENT_TARGET = 13.5;
				LD_RUNPATH_SEARCH_PATHS = (
					"$(inherited)",
					"@executable_path/Frameworks",
				);
				MARKETING_VERSION = 1.0;
				PRODUCT_BUNDLE_IDENTIFIER = "com.study.-1FirstApp";
				PRODUCT_NAME = "$(TARGET_NAME)";
				SWIFT_EMIT_LOC_STRINGS = YES;
				SWIFT_VERSION = 5.0;
				TARGETED_DEVICE_FAMILY = "1,2";
			};
			name = Debug;
		};
		C63CC62629600653007A8000 /* Release */ = {
			isa = XCBuildConfiguration;
			buildSettings = {
				ASSETCATALOG_COMPILER_APPICON_NAME = AppIcon;
				ASSETCATALOG_COMPILER_GLOBAL_ACCENT_COLOR_NAME = AccentColor;
				CODE_SIGN_STYLE = Automatic;
				CURRENT_PROJECT_VERSION = 1;
				GENERATE_INFOPLIST_FILE = YES;
				INFOPLIST_FILE = 01FirstApp/Info.plist;
				INFOPLIST_KEY_CFBundleDisplayName = studyFirstApp;
				INFOPLIST_KEY_UIApplicationSupportsIndirectInputEvents = YES;
				INFOPLIST_KEY_UILaunchStoryboardName = LaunchScreen;
				INFOPLIST_KEY_UIMainStoryboardFile = Main;
				INFOPLIST_KEY_UISupportedInterfaceOrientations_iPad = "UIInterfaceOrientationPortrait UIInterfaceOrientationPortraitUpsideDown UIInterfaceOrientationLandscapeLeft UIInterfaceOrientationLandscapeRight";
				INFOPLIST_KEY_UISupportedInterfaceOrientations_iPhone = "UIInterfaceOrientationPortrait UIInterfaceOrientationLandscapeLeft UIInterfaceOrientationLandscapeRight";
				IPHONEOS_DEPLOYMENT_TARGET = 13.5;
				LD_RUNPATH_SEARCH_PATHS = (
					"$(inherited)",
					"@executable_path/Frameworks",
				);
				MARKETING_VERSION = 1.0;
				PRODUCT_BUNDLE_IDENTIFIER = "com.study.-1FirstApp";
				PRODUCT_NAME = "$(TARGET_NAME)";
				SWIFT_EMIT_LOC_STRINGS = YES;
				SWIFT_VERSION = 5.0;
				TARGETED_DEVICE_FAMILY = "1,2";
			};
			name = Release;
		};
		C63CC62829600653007A8000 /* Debug */ = {
			isa = XCBuildConfiguration;
			buildSettings = {
				ALWAYS_EMBED_SWIFT_STANDARD_LIBRARIES = YES;
				BUNDLE_LOADER = "$(TEST_HOST)";
				CODE_SIGN_STYLE = Automatic;
				CURRENT_PROJECT_VERSION = 1;
				GENERATE_INFOPLIST_FILE = YES;
				IPHONEOS_DEPLOYMENT_TARGET = 16.2;
				MARKETING_VERSION = 1.0;
				PRODUCT_BUNDLE_IDENTIFIER = "com.study.-1FirstAppTests";
				PRODUCT_NAME = "$(TARGET_NAME)";
				SWIFT_EMIT_LOC_STRINGS = NO;
				SWIFT_VERSION = 5.0;
				TARGETED_DEVICE_FAMILY = "1,2";
				TEST_HOST = "$(BUILT_PRODUCTS_DIR)/01FirstApp.app/$(BUNDLE_EXECUTABLE_FOLDER_PATH)/01FirstApp";
			};
			name = Debug;
		};
		C63CC62929600653007A8000 /* Release */ = {
			isa = XCBuildConfiguration;
			buildSettings = {
				ALWAYS_EMBED_SWIFT_STANDARD_LIBRARIES = YES;
				BUNDLE_LOADER = "$(TEST_HOST)";
				CODE_SIGN_STYLE = Automatic;
				CURRENT_PROJECT_VERSION = 1;
				GENERATE_INFOPLIST_FILE = YES;
				IPHONEOS_DEPLOYMENT_TARGET = 16.2;
				MARKETING_VERSION = 1.0;
				PRODUCT_BUNDLE_IDENTIFIER = "com.study.-1FirstAppTests";
				PRODUCT_NAME = "$(TARGET_NAME)";
				SWIFT_EMIT_LOC_STRINGS = NO;
				SWIFT_VERSION = 5.0;
				TARGETED_DEVICE_FAMILY = "1,2";
				TEST_HOST = "$(BUILT_PRODUCTS_DIR)/01FirstApp.app/$(BUNDLE_EXECUTABLE_FOLDER_PATH)/01FirstApp";
			};
			name = Release;
		};
		C63CC62B29600653007A8000 /* Debug */ = {
			isa = XCBuildConfiguration;
			buildSettings = {
				ALWAYS_EMBED_SWIFT_STANDARD_LIBRARIES = YES;
				CODE_SIGN_STYLE = Automatic;
				CURRENT_PROJECT_VERSION = 1;
				GENERATE_INFOPLIST_FILE = YES;
				MARKETING_VERSION = 1.0;
				PRODUCT_BUNDLE_IDENTIFIER = "com.study.-1FirstAppUITests";
				PRODUCT_NAME = "$(TARGET_NAME)";
				SWIFT_EMIT_LOC_STRINGS = NO;
				SWIFT_VERSION = 5.0;
				TARGETED_DEVICE_FAMILY = "1,2";
				TEST_TARGET_NAME = 01FirstApp;
			};
			name = Debug;
		};
		C63CC62C29600653007A8000 /* Release */ = {
			isa = XCBuildConfiguration;
			buildSettings = {
				ALWAYS_EMBED_SWIFT_STANDARD_LIBRARIES = YES;
				CODE_SIGN_STYLE = Automatic;
				CURRENT_PROJECT_VERSION = 1;
				GENERATE_INFOPLIST_FILE = YES;
				MARKETING_VERSION = 1.0;
				PRODUCT_BUNDLE_IDENTIFIER = "com.study.-1FirstAppUITests";
				PRODUCT_NAME = "$(TARGET_NAME)";
				SWIFT_EMIT_LOC_STRINGS = NO;
				SWIFT_VERSION = 5.0;
				TARGETED_DEVICE_FAMILY = "1,2";
				TEST_TARGET_NAME = 01FirstApp;
			};
			name = Release;
		};
/* End XCBuildConfiguration section */

/* Begin XCConfigurationList section */
		C63CC5F529600650007A8000 /* Build configuration list for PBXProject "01FirstApp" */ = {
			isa = XCConfigurationList;
			buildConfigurations = (
				C63CC62229600653007A8000 /* Debug */,
				C63CC62329600653007A8000 /* Release */,
			);
			defaultConfigurationIsVisible = 0;
			defaultConfigurationName = Release;
		};
		C63CC62429600653007A8000 /* Build configuration list for PBXNativeTarget "01FirstApp" */ = {
			isa = XCConfigurationList;
			buildConfigurations = (
				C63CC62529600653007A8000 /* Debug */,
				C63CC62629600653007A8000 /* Release */,
			);
			defaultConfigurationIsVisible = 0;
			defaultConfigurationName = Release;
		};
		C63CC62729600653007A8000 /* Build configuration list for PBXNativeTarget "01FirstAppTests" */ = {
			isa = XCConfigurationList;
			buildConfigurations = (
				C63CC62829600653007A8000 /* Debug */,
				C63CC62929600653007A8000 /* Release */,
			);
			defaultConfigurationIsVisible = 0;
			defaultConfigurationName = Release;
		};
		C63CC62A29600653007A8000 /* Build configuration list for PBXNativeTarget "01FirstAppUITests" */ = {
			isa = XCConfigurationList;
			buildConfigurations = (
				C63CC62B29600653007A8000 /* Debug */,
				C63CC62C29600653007A8000 /* Release */,
			);
			defaultConfigurationIsVisible = 0;
			defaultConfigurationName = Release;
		};
/* End XCConfigurationList section */
	};
	rootObject = C63CC5F229600650007A8000 /* Project object */;
}
